
Microsoft Visual Studio Solution File, Format Version 12.00
# Visual Studio Version 17
VisualStudioVersion = 17.4.33103.184
MinimumVisualStudioVersion = 10.0.40219.1
Project("{FAE04EC0-301F-11D3-BF4B-00C04F79EFBC}") = "ScrabbleLibrary", "ScrabbleLibrary.csproj", "{094AB1E6-B8DC-4B8E-8B8B-A3F1F4F8240A}"
EndProject
Project("{FAE04EC0-301F-11D3-BF4B-00C04F79EFBC}") = "ScrabbleClient", "..\Client\ScrabbleClient.csproj", "{8E06701B-4C35-408B-950E-8D94D7BC56E1}"
EndProject
Global
	GlobalSection(SolutionConfigurationPlatforms) = preSolution
		Debug|Any CPU = Debug|Any CPU
		Release|Any CPU = Release|Any CPU
	EndGlobalSection
	GlobalSection(ProjectConfigurationPlatforms) = postSolution
		{094AB1E6-B8DC-4B8E-8B8B-A3F1F4F8240A}.Debug|Any CPU.ActiveCfg = Debug|Any CPU
		{094AB1E6-B8DC-4B8E-8B8B-A3F1F4F8240A}.Debug|Any CPU.Build.0 = Debug|Any CPU
		{094AB1E6-B8DC-4B8E-8B8B-A3F1F4F8240A}.Release|Any CPU.ActiveCfg = Release|Any CPU
		{094AB1E6-B8DC-4B8E-8B8B-A3F1F4F8240A}.Release|Any CPU.Build.0 = Release|Any CPU
		{8E06701B-4C35-408B-950E-8D94D7BC56E1}.Debug|Any CPU.ActiveCfg = Debug|Any CPU
		{8E06701B-4C35-408B-950E-8D94D7BC56E1}.Debug|Any CPU.Build.0 = Debug|Any CPU
		{8E06701B-4C35-408B-950E-8D94D7BC56E1}.Release|Any CPU.ActiveCfg = Release|Any CPU
		{8E06701B-4C35-408B-950E-8D94D7BC56E1}.Release|Any CPU.Build.0 = Release|Any CPU
	EndGlobalSection
	GlobalSection(SolutionProperties) = preSolution
		HideSolutionNode = FALSE
	EndGlobalSection
	GlobalSection(ExtensibilityGlobals) = postSolution
		SolutionGuid = {AADB1B65-4976-4C52-939E-9A93AA85651D}
	EndGlobalSection
EndGlobal
